
Microsoft Visual Studio Solution File, Format Version 12.00
# Visual Studio Version 16
VisualStudioVersion = 16.0.29806.167
MinimumVisualStudioVersion = 10.0.40219.1
Project("{9A19103F-16F7-4668-BE54-9A1E7A4F7556}") = "IdentityAPI", "IdentityAPI\IdentityAPI.csproj", "{9585C873-31D9-4373-ACE9-9F6C531341A9}"
EndProject
Project("{9A19103F-16F7-4668-BE54-9A1E7A4F7556}") = "FootAPI", "FootAPI\FootAPI.csproj", "{9FD2A94D-7E5C-4213-82D3-381D1D823BA3}"
EndProject
Project("{9A19103F-16F7-4668-BE54-9A1E7A4F7556}") = "GeneralLibrary", "GeneralLibrary\GeneralLibrary.csproj", "{62AE075C-F4D3-46DC-8A02-2337EB1AF41D}"
EndProject
Project("{2150E333-8FDC-42A3-9474-1A3956D46DE8}") = "Solution Items", "Solution Items", "{FC54B92D-BDC3-4C7F-BD19-CAF3380569A7}"
	ProjectSection(SolutionItems) = preProject
		global.json = global.json
	EndProjectSection
EndProject
Global
	GlobalSection(SolutionConfigurationPlatforms) = preSolution
		Debug|Any CPU = Debug|Any CPU
		Release|Any CPU = Release|Any CPU
	EndGlobalSection
	GlobalSection(ProjectConfigurationPlatforms) = postSolution
		{9585C873-31D9-4373-ACE9-9F6C531341A9}.Debug|Any CPU.ActiveCfg = Debug|Any CPU
		{9585C873-31D9-4373-ACE9-9F6C531341A9}.Debug|Any CPU.Build.0 = Debug|Any CPU
		{9585C873-31D9-4373-ACE9-9F6C531341A9}.Release|Any CPU.ActiveCfg = Release|Any CPU
		{9585C873-31D9-4373-ACE9-9F6C531341A9}.Release|Any CPU.Build.0 = Release|Any CPU
		{9FD2A94D-7E5C-4213-82D3-381D1D823BA3}.Debug|Any CPU.ActiveCfg = Debug|Any CPU
		{9FD2A94D-7E5C-4213-82D3-381D1D823BA3}.Debug|Any CPU.Build.0 = Debug|Any CPU
		{9FD2A94D-7E5C-4213-82D3-381D1D823BA3}.Release|Any CPU.ActiveCfg = Release|Any CPU
		{9FD2A94D-7E5C-4213-82D3-381D1D823BA3}.Release|Any CPU.Build.0 = Release|Any CPU
		{62AE075C-F4D3-46DC-8A02-2337EB1AF41D}.Debug|Any CPU.ActiveCfg = Debug|Any CPU
		{62AE075C-F4D3-46DC-8A02-2337EB1AF41D}.Debug|Any CPU.Build.0 = Debug|Any CPU
		{62AE075C-F4D3-46DC-8A02-2337EB1AF41D}.Release|Any CPU.ActiveCfg = Release|Any CPU
		{62AE075C-F4D3-46DC-8A02-2337EB1AF41D}.Release|Any CPU.Build.0 = Release|Any CPU
	EndGlobalSection
	GlobalSection(SolutionProperties) = preSolution
		HideSolutionNode = FALSE
	EndGlobalSection
	GlobalSection(ExtensibilityGlobals) = postSolution
		SolutionGuid = {D52E3D8A-9FAF-4493-827D-0D2841C72D90}
	EndGlobalSection
EndGlobal
